{
  "object": {
    "pins": [
      {
        "package": "SwiftSDL2",
        "repositoryURL": "git@github.com:TKNgu/SwiftSDL2.git",
        "state": {
          "branch": null,
          "revision": "fea168f0148592d16eb4279b4bc1c33cf1f396d0",
          "version": "1.0.4"
        }
      }
    ]
  },
  "version": 1
}
