{
  "object": {
    "pins": [
      {
        "package": "SwiftSDL2",
        "repositoryURL": "git@github.com:TKNgu/SwiftSDL2.git",
        "state": {
          "branch": null,
          "revision": "0d12ce85d9dc3dbbbbf5a9c07fdef9d0e760ef43",
          "version": "1.0.6"
        }
      }
    ]
  },
  "version": 1
}
