{
  "object": {
    "pins": [
      {
        "package": "SwiftSDL2",
        "repositoryURL": "git@github.com:TKNgu/SwiftSDL2.git",
        "state": {
          "branch": null,
          "revision": "d6d4cce565ab5766e52a35ee9ed977ea0e00449d",
          "version": "1.0.8"
        }
      }
    ]
  },
  "version": 1
}
